// !$*UTF8*$!
{
	archiveVersion = 1;
	classes = {
	};
	objectVersion = 46;
	objects = {

/* Begin PBXBuildFile section */
		0DFFE8251EB61CF7009A5446 /* main.m in Sources */ = {isa = PBXBuildFile; fileRef = 0DFFE8241EB61CF7009A5446 /* main.m */; };
		0DFFE8281EB61CF7009A5446 /* AppDelegate.m in Sources */ = {isa = PBXBuildFile; fileRef = 0DFFE8271EB61CF7009A5446 /* AppDelegate.m */; };
		0DFFE82B1EB61CF7009A5446 /* ViewController.m in Sources */ = {isa = PBXBuildFile; fileRef = 0DFFE82A1EB61CF7009A5446 /* ViewController.m */; };
		0DFFE82E1EB61CF7009A5446 /* Main.storyboard in Resources */ = {isa = PBXBuildFile; fileRef = 0DFFE82C1EB61CF7009A5446 /* Main.storyboard */; };
		0DFFE8311EB61CF7009A5446 /* JHPhotoDemo.xcdatamodeld in Sources */ = {isa = PBXBuildFile; fileRef = 0DFFE82F1EB61CF7009A5446 /* JHPhotoDemo.xcdatamodeld */; };
		0DFFE8331EB61CF7009A5446 /* Assets.xcassets in Resources */ = {isa = PBXBuildFile; fileRef = 0DFFE8321EB61CF7009A5446 /* Assets.xcassets */; };
		0DFFE8361EB61CF7009A5446 /* LaunchScreen.storyboard in Resources */ = {isa = PBXBuildFile; fileRef = 0DFFE8341EB61CF7009A5446 /* LaunchScreen.storyboard */; };
		0DFFE8411EB61CF7009A5446 /* JHPhotoDemoTests.m in Sources */ = {isa = PBXBuildFile; fileRef = 0DFFE8401EB61CF7009A5446 /* JHPhotoDemoTests.m */; };
		0DFFE84C1EB61CF7009A5446 /* JHPhotoDemoUITests.m in Sources */ = {isa = PBXBuildFile; fileRef = 0DFFE84B1EB61CF7009A5446 /* JHPhotoDemoUITests.m */; };
		0DFFE8601EB61D51009A5446 /* JHPhotoManager.m in Sources */ = {isa = PBXBuildFile; fileRef = 0DFFE85F1EB61D51009A5446 /* JHPhotoManager.m */; };
		0DFFE8631EB61D73009A5446 /* JHPhotoCollection.m in Sources */ = {isa = PBXBuildFile; fileRef = 0DFFE8621EB61D73009A5446 /* JHPhotoCollection.m */; };
		0DFFE8691EB61ECF009A5446 /* JHPHAsset.m in Sources */ = {isa = PBXBuildFile; fileRef = 0DFFE8681EB61ECF009A5446 /* JHPHAsset.m */; };
/* End PBXBuildFile section */

/* Begin PBXContainerItemProxy section */
		0DFFE83D1EB61CF7009A5446 /* PBXContainerItemProxy */ = {
			isa = PBXContainerItemProxy;
			containerPortal = 0DFFE8181EB61CF7009A5446 /* Project object */;
			proxyType = 1;
			remoteGlobalIDString = 0DFFE81F1EB61CF7009A5446;
			remoteInfo = JHPhotoDemo;
		};
		0DFFE8481EB61CF7009A5446 /* PBXContainerItemProxy */ = {
			isa = PBXContainerItemProxy;
			containerPortal = 0DFFE8181EB61CF7009A5446 /* Project object */;
			proxyType = 1;
			remoteGlobalIDString = 0DFFE81F1EB61CF7009A5446;
			remoteInfo = JHPhotoDemo;
		};
/* End PBXContainerItemProxy section */

/* Begin PBXFileReference section */
		0DFFE8201EB61CF7009A5446 /* JHPhotoDemo.app */ = {isa = PBXFileReference; explicitFileType = wrapper.application; includeInIndex = 0; path = JHPhotoDemo.app; sourceTree = BUILT_PRODUCTS_DIR; };
		0DFFE8241EB61CF7009A5446 /* main.m */ = {isa = PBXFileReference; lastKnownFileType = sourcecode.c.objc; path = main.m; sourceTree = "<group>"; };
		0DFFE8261EB61CF7009A5446 /* AppDelegate.h */ = {isa = PBXFileReference; lastKnownFileType = sourcecode.c.h; path = AppDelegate.h; sourceTree = "<group>"; };
		0DFFE8271EB61CF7009A5446 /* AppDelegate.m */ = {isa = PBXFileReference; lastKnownFileType = sourcecode.c.objc; path = AppDelegate.m; sourceTree = "<group>"; };
		0DFFE8291EB61CF7009A5446 /* ViewController.h */ = {isa = PBXFileReference; lastKnownFileType = sourcecode.c.h; path = ViewController.h; sourceTree = "<group>"; };
		0DFFE82A1EB61CF7009A5446 /* ViewController.m */ = {isa = PBXFileReference; lastKnownFileType = sourcecode.c.objc; path = ViewController.m; sourceTree = "<group>"; };
		0DFFE82D1EB61CF7009A5446 /* Base */ = {isa = PBXFileReference; lastKnownFileType = file.storyboard; name = Base; path = Base.lproj/Main.storyboard; sourceTree = "<group>"; };
		0DFFE8301EB61CF7009A5446 /* JHPhotoDemo.xcdatamodel */ = {isa = PBXFileReference; lastKnownFileType = wrapper.xcdatamodel; path = JHPhotoDemo.xcdatamodel; sourceTree = "<group>"; };
		0DFFE8321EB61CF7009A5446 /* Assets.xcassets */ = {isa = PBXFileReference; lastKnownFileType = folder.assetcatalog; path = Assets.xcassets; sourceTree = "<group>"; };
		0DFFE8351EB61CF7009A5446 /* Base */ = {isa = PBXFileReference; lastKnownFileType = file.storyboard; name = Base; path = Base.lproj/LaunchScreen.storyboard; sourceTree = "<group>"; };
		0DFFE8371EB61CF7009A5446 /* Info.plist */ = {isa = PBXFileReference; lastKnownFileType = text.plist.xml; path = Info.plist; sourceTree = "<group>"; };
		0DFFE83C1EB61CF7009A5446 /* JHPhotoDemoTests.xctest */ = {isa = PBXFileReference; explicitFileType = wrapper.cfbundle; includeInIndex = 0; path = JHPhotoDemoTests.xctest; sourceTree = BUILT_PRODUCTS_DIR; };
		0DFFE8401EB61CF7009A5446 /* JHPhotoDemoTests.m */ = {isa = PBXFileReference; lastKnownFileType = sourcecode.c.objc; path = JHPhotoDemoTests.m; sourceTree = "<group>"; };
		0DFFE8421EB61CF7009A5446 /* Info.plist */ = {isa = PBXFileReference; lastKnownFileType = text.plist.xml; path = Info.plist; sourceTree = "<group>"; };
		0DFFE8471EB61CF7009A5446 /* JHPhotoDemoUITests.xctest */ = {isa = PBXFileReference; explicitFileType = wrapper.cfbundle; includeInIndex = 0; path = JHPhotoDemoUITests.xctest; sourceTree = BUILT_PRODUCTS_DIR; };
		0DFFE84B1EB61CF7009A5446 /* JHPhotoDemoUITests.m */ = {isa = PBXFileReference; lastKnownFileType = sourcecode.c.objc; path = JHPhotoDemoUITests.m; sourceTree = "<group>"; };
		0DFFE84D1EB61CF7009A5446 /* Info.plist */ = {isa = PBXFileReference; lastKnownFileType = text.plist.xml; path = Info.plist; sourceTree = "<group>"; };
		0DFFE85E1EB61D51009A5446 /* JHPhotoManager.h */ = {isa = PBXFileReference; fileEncoding = 4; lastKnownFileType = sourcecode.c.h; path = JHPhotoManager.h; sourceTree = "<group>"; };
		0DFFE85F1EB61D51009A5446 /* JHPhotoManager.m */ = {isa = PBXFileReference; fileEncoding = 4; lastKnownFileType = sourcecode.c.objc; path = JHPhotoManager.m; sourceTree = "<group>"; };
		0DFFE8611EB61D73009A5446 /* JHPhotoCollection.h */ = {isa = PBXFileReference; fileEncoding = 4; lastKnownFileType = sourcecode.c.h; path = JHPhotoCollection.h; sourceTree = "<group>"; };
		0DFFE8621EB61D73009A5446 /* JHPhotoCollection.m */ = {isa = PBXFileReference; fileEncoding = 4; lastKnownFileType = sourcecode.c.objc; path = JHPhotoCollection.m; sourceTree = "<group>"; };
		0DFFE8671EB61ECF009A5446 /* JHPHAsset.h */ = {isa = PBXFileReference; fileEncoding = 4; lastKnownFileType = sourcecode.c.h; path = JHPHAsset.h; sourceTree = "<group>"; };
		0DFFE8681EB61ECF009A5446 /* JHPHAsset.m */ = {isa = PBXFileReference; fileEncoding = 4; lastKnownFileType = sourcecode.c.objc; path = JHPHAsset.m; sourceTree = "<group>"; };
		0DFFE86A1EB6357A009A5446 /* JHPhotoHeader.h */ = {isa = PBXFileReference; lastKnownFileType = sourcecode.c.h; path = JHPhotoHeader.h; sourceTree = "<group>"; };
/* End PBXFileReference section */

/* Begin PBXFrameworksBuildPhase section */
		0DFFE81D1EB61CF7009A5446 /* Frameworks */ = {
			isa = PBXFrameworksBuildPhase;
			buildActionMask = 2147483647;
			files = (
			);
			runOnlyForDeploymentPostprocessing = 0;
		};
		0DFFE8391EB61CF7009A5446 /* Frameworks */ = {
			isa = PBXFrameworksBuildPhase;
			buildActionMask = 2147483647;
			files = (
			);
			runOnlyForDeploymentPostprocessing = 0;
		};
		0DFFE8441EB61CF7009A5446 /* Frameworks */ = {
			isa = PBXFrameworksBuildPhase;
			buildActionMask = 2147483647;
			files = (
			);
			runOnlyForDeploymentPostprocessing = 0;
		};
/* End PBXFrameworksBuildPhase section */

/* Begin PBXGroup section */
		0DFFE8171EB61CF7009A5446 = {
			isa = PBXGroup;
			children = (
				0DFFE8221EB61CF7009A5446 /* JHPhotoDemo */,
				0DFFE83F1EB61CF7009A5446 /* JHPhotoDemoTests */,
				0DFFE84A1EB61CF7009A5446 /* JHPhotoDemoUITests */,
				0DFFE8211EB61CF7009A5446 /* Products */,
			);
			sourceTree = "<group>";
		};
		0DFFE8211EB61CF7009A5446 /* Products */ = {
			isa = PBXGroup;
			children = (
				0DFFE8201EB61CF7009A5446 /* JHPhotoDemo.app */,
				0DFFE83C1EB61CF7009A5446 /* JHPhotoDemoTests.xctest */,
				0DFFE8471EB61CF7009A5446 /* JHPhotoDemoUITests.xctest */,
			);
			name = Products;
			sourceTree = "<group>";
		};
		0DFFE8221EB61CF7009A5446 /* JHPhotoDemo */ = {
			isa = PBXGroup;
			children = (
				0DFFE85D1EB61D51009A5446 /* JHPhoto */,
				0DFFE8261EB61CF7009A5446 /* AppDelegate.h */,
				0DFFE8271EB61CF7009A5446 /* AppDelegate.m */,
				0DFFE8291EB61CF7009A5446 /* ViewController.h */,
				0DFFE82A1EB61CF7009A5446 /* ViewController.m */,
				0DFFE82C1EB61CF7009A5446 /* Main.storyboard */,
				0DFFE8321EB61CF7009A5446 /* Assets.xcassets */,
				0DFFE8341EB61CF7009A5446 /* LaunchScreen.storyboard */,
				0DFFE8371EB61CF7009A5446 /* Info.plist */,
				0DFFE82F1EB61CF7009A5446 /* JHPhotoDemo.xcdatamodeld */,
				0DFFE8231EB61CF7009A5446 /* Supporting Files */,
			);
			path = JHPhotoDemo;
			sourceTree = "<group>";
		};
		0DFFE8231EB61CF7009A5446 /* Supporting Files */ = {
			isa = PBXGroup;
			children = (
				0DFFE8241EB61CF7009A5446 /* main.m */,
			);
			name = "Supporting Files";
			sourceTree = "<group>";
		};
		0DFFE83F1EB61CF7009A5446 /* JHPhotoDemoTests */ = {
			isa = PBXGroup;
			children = (
				0DFFE8401EB61CF7009A5446 /* JHPhotoDemoTests.m */,
				0DFFE8421EB61CF7009A5446 /* Info.plist */,
			);
			path = JHPhotoDemoTests;
			sourceTree = "<group>";
		};
		0DFFE84A1EB61CF7009A5446 /* JHPhotoDemoUITests */ = {
			isa = PBXGroup;
			children = (
				0DFFE84B1EB61CF7009A5446 /* JHPhotoDemoUITests.m */,
				0DFFE84D1EB61CF7009A5446 /* Info.plist */,
			);
			path = JHPhotoDemoUITests;
			sourceTree = "<group>";
		};
		0DFFE85D1EB61D51009A5446 /* JHPhoto */ = {
			isa = PBXGroup;
			children = (
				0DFFE85E1EB61D51009A5446 /* JHPhotoManager.h */,
				0DFFE85F1EB61D51009A5446 /* JHPhotoManager.m */,
				0DFFE8611EB61D73009A5446 /* JHPhotoCollection.h */,
				0DFFE8621EB61D73009A5446 /* JHPhotoCollection.m */,
				0DFFE8671EB61ECF009A5446 /* JHPHAsset.h */,
				0DFFE8681EB61ECF009A5446 /* JHPHAsset.m */,
				0DFFE86A1EB6357A009A5446 /* JHPhotoHeader.h */,
			);
			path = JHPhoto;
			sourceTree = "<group>";
		};
/* End PBXGroup section */

/* Begin PBXNativeTarget section */
		0DFFE81F1EB61CF7009A5446 /* JHPhotoDemo */ = {
			isa = PBXNativeTarget;
			buildConfigurationList = 0DFFE8501EB61CF7009A5446 /* Build configuration list for PBXNativeTarget "JHPhotoDemo" */;
			buildPhases = (
				0DFFE81C1EB61CF7009A5446 /* Sources */,
				0DFFE81D1EB61CF7009A5446 /* Frameworks */,
				0DFFE81E1EB61CF7009A5446 /* Resources */,
			);
			buildRules = (
			);
			dependencies = (
			);
			name = JHPhotoDemo;
			productName = JHPhotoDemo;
			productReference = 0DFFE8201EB61CF7009A5446 /* JHPhotoDemo.app */;
			productType = "com.apple.product-type.application";
		};
		0DFFE83B1EB61CF7009A5446 /* JHPhotoDemoTests */ = {
			isa = PBXNativeTarget;
			buildConfigurationList = 0DFFE8531EB61CF7009A5446 /* Build configuration list for PBXNativeTarget "JHPhotoDemoTests" */;
			buildPhases = (
				0DFFE8381EB61CF7009A5446 /* Sources */,
				0DFFE8391EB61CF7009A5446 /* Frameworks */,
				0DFFE83A1EB61CF7009A5446 /* Resources */,
			);
			buildRules = (
			);
			dependencies = (
				0DFFE83E1EB61CF7009A5446 /* PBXTargetDependency */,
			);
			name = JHPhotoDemoTests;
			productName = JHPhotoDemoTests;
			productReference = 0DFFE83C1EB61CF7009A5446 /* JHPhotoDemoTests.xctest */;
			productType = "com.apple.product-type.bundle.unit-test";
		};
		0DFFE8461EB61CF7009A5446 /* JHPhotoDemoUITests */ = {
			isa = PBXNativeTarget;
			buildConfigurationList = 0DFFE8561EB61CF7009A5446 /* Build configuration list for PBXNativeTarget "JHPhotoDemoUITests" */;
			buildPhases = (
				0DFFE8431EB61CF7009A5446 /* Sources */,
				0DFFE8441EB61CF7009A5446 /* Frameworks */,
				0DFFE8451EB61CF7009A5446 /* Resources */,
			);
			buildRules = (
			);
			dependencies = (
				0DFFE8491EB61CF7009A5446 /* PBXTargetDependency */,
			);
			name = JHPhotoDemoUITests;
			productName = JHPhotoDemoUITests;
			productReference = 0DFFE8471EB61CF7009A5446 /* JHPhotoDemoUITests.xctest */;
			productType = "com.apple.product-type.bundle.ui-testing";
		};
/* End PBXNativeTarget section */

/* Begin PBXProject section */
		0DFFE8181EB61CF7009A5446 /* Project object */ = {
			isa = PBXProject;
			attributes = {
				LastUpgradeCheck = 0830;
				ORGANIZATIONNAME = "陈嘉豪";
				TargetAttributes = {
					0DFFE81F1EB61CF7009A5446 = {
						CreatedOnToolsVersion = 8.3.2;
						DevelopmentTeam = V6TK3T5LMM;
						ProvisioningStyle = Automatic;
					};
					0DFFE83B1EB61CF7009A5446 = {
						CreatedOnToolsVersion = 8.3.2;
						DevelopmentTeam = V6TK3T5LMM;
						ProvisioningStyle = Automatic;
						TestTargetID = 0DFFE81F1EB61CF7009A5446;
					};
					0DFFE8461EB61CF7009A5446 = {
						CreatedOnToolsVersion = 8.3.2;
						DevelopmentTeam = V6TK3T5LMM;
						ProvisioningStyle = Automatic;
						TestTargetID = 0DFFE81F1EB61CF7009A5446;
					};
				};
			};
			buildConfigurationList = 0DFFE81B1EB61CF7009A5446 /* Build configuration list for PBXProject "JHPhotoDemo" */;
			compatibilityVersion = "Xcode 3.2";
			developmentRegion = English;
			hasScannedForEncodings = 0;
			knownRegions = (
				en,
				Base,
			);
			mainGroup = 0DFFE8171EB61CF7009A5446;
			productRefGroup = 0DFFE8211EB61CF7009A5446 /* Products */;
			projectDirPath = "";
			projectRoot = "";
			targets = (
				0DFFE81F1EB61CF7009A5446 /* JHPhotoDemo */,
				0DFFE83B1EB61CF7009A5446 /* JHPhotoDemoTests */,
				0DFFE8461EB61CF7009A5446 /* JHPhotoDemoUITests */,
			);
		};
/* End PBXProject section */

/* Begin PBXResourcesBuildPhase section */
		0DFFE81E1EB61CF7009A5446 /* Resources */ = {
			isa = PBXResourcesBuildPhase;
			buildActionMask = 2147483647;
			files = (
				0DFFE8361EB61CF7009A5446 /* LaunchScreen.storyboard in Resources */,
				0DFFE8331EB61CF7009A5446 /* Assets.xcassets in Resources */,
				0DFFE82E1EB61CF7009A5446 /* Main.storyboard in Resources */,
			);
			runOnlyForDeploymentPostprocessing = 0;
		};
		0DFFE83A1EB61CF7009A5446 /* Resources */ = {
			isa = PBXResourcesBuildPhase;
			buildActionMask = 2147483647;
			files = (
			);
			runOnlyForDeploymentPostprocessing = 0;
		};
		0DFFE8451EB61CF7009A5446 /* Resources */ = {
			isa = PBXResourcesBuildPhase;
			buildActionMask = 2147483647;
			files = (
			);
			runOnlyForDeploymentPostprocessing = 0;
		};
/* End PBXResourcesBuildPhase section */

/* Begin PBXSourcesBuildPhase section */
		0DFFE81C1EB61CF7009A5446 /* Sources */ = {
			isa = PBXSourcesBuildPhase;
			buildActionMask = 2147483647;
			files = (
				0DFFE8691EB61ECF009A5446 /* JHPHAsset.m in Sources */,
				0DFFE8631EB61D73009A5446 /* JHPhotoCollection.m in Sources */,
				0DFFE82B1EB61CF7009A5446 /* ViewController.m in Sources */,
				0DFFE8311EB61CF7009A5446 /* JHPhotoDemo.xcdatamodeld in Sources */,
				0DFFE8601EB61D51009A5446 /* JHPhotoManager.m in Sources */,
				0DFFE8281EB61CF7009A5446 /* AppDelegate.m in Sources */,
				0DFFE8251EB61CF7009A5446 /* main.m in Sources */,
			);
			runOnlyForDeploymentPostprocessing = 0;
		};
		0DFFE8381EB61CF7009A5446 /* Sources */ = {
			isa = PBXSourcesBuildPhase;
			buildActionMask = 2147483647;
			files = (
				0DFFE8411EB61CF7009A5446 /* JHPhotoDemoTests.m in Sources */,
			);
			runOnlyForDeploymentPostprocessing = 0;
		};
		0DFFE8431EB61CF7009A5446 /* Sources */ = {
			isa = PBXSourcesBuildPhase;
			buildActionMask = 2147483647;
			files = (
				0DFFE84C1EB61CF7009A5446 /* JHPhotoDemoUITests.m in Sources */,
			);
			runOnlyForDeploymentPostprocessing = 0;
		};
/* End PBXSourcesBuildPhase section */

/* Begin PBXTargetDependency section */
		0DFFE83E1EB61CF7009A5446 /* PBXTargetDependency */ = {
			isa = PBXTargetDependency;
			target = 0DFFE81F1EB61CF7009A5446 /* JHPhotoDemo */;
			targetProxy = 0DFFE83D1EB61CF7009A5446 /* PBXContainerItemProxy */;
		};
		0DFFE8491EB61CF7009A5446 /* PBXTargetDependency */ = {
			isa = PBXTargetDependency;
			target = 0DFFE81F1EB61CF7009A5446 /* JHPhotoDemo */;
			targetProxy = 0DFFE8481EB61CF7009A5446 /* PBXContainerItemProxy */;
		};
/* End PBXTargetDependency section */

/* Begin PBXVariantGroup section */
		0DFFE82C1EB61CF7009A5446 /* Main.storyboard */ = {
			isa = PBXVariantGroup;
			children = (
				0DFFE82D1EB61CF7009A5446 /* Base */,
			);
			name = Main.storyboard;
			sourceTree = "<group>";
		};
		0DFFE8341EB61CF7009A5446 /* LaunchScreen.storyboard */ = {
			isa = PBXVariantGroup;
			children = (
				0DFFE8351EB61CF7009A5446 /* Base */,
			);
			name = LaunchScreen.storyboard;
			sourceTree = "<group>";
		};
/* End PBXVariantGroup section */

/* Begin XCBuildConfiguration section */
		0DFFE84E1EB61CF7009A5446 /* Debug */ = {
			isa = XCBuildConfiguration;
			buildSettings = {
				ALWAYS_SEARCH_USER_PATHS = NO;
				CLANG_ANALYZER_NONNULL = YES;
				CLANG_ANALYZER_NUMBER_OBJECT_CONVERSION = YES_AGGRESSIVE;
				CLANG_CXX_LANGUAGE_STANDARD = "gnu++0x";
				CLANG_CXX_LIBRARY = "libc++";
				CLANG_ENABLE_MODULES = YES;
				CLANG_ENABLE_OBJC_ARC = YES;
				CLANG_WARN_BOOL_CONVERSION = YES;
				CLANG_WARN_CONSTANT_CONVERSION = YES;
				CLANG_WARN_DIRECT_OBJC_ISA_USAGE = YES_ERROR;
				CLANG_WARN_DOCUMENTATION_COMMENTS = YES;
				CLANG_WARN_EMPTY_BODY = YES;
				CLANG_WARN_ENUM_CONVERSION = YES;
				CLANG_WARN_INFINITE_RECURSION = YES;
				CLANG_WARN_INT_CONVERSION = YES;
				CLANG_WARN_OBJC_ROOT_CLASS = YES_ERROR;
				CLANG_WARN_SUSPICIOUS_MOVE = YES;
				CLANG_WARN_UNREACHABLE_CODE = YES;
				CLANG_WARN__DUPLICATE_METHOD_MATCH = YES;
				"CODE_SIGN_IDENTITY[sdk=iphoneos*]" = "iPhone Developer";
				COPY_PHASE_STRIP = NO;
				DEBUG_INFORMATION_FORMAT = dwarf;
				ENABLE_STRICT_OBJC_MSGSEND = YES;
				ENABLE_TESTABILITY = YES;
				GCC_C_LANGUAGE_STANDARD = gnu99;
				GCC_DYNAMIC_NO_PIC = NO;
				GCC_NO_COMMON_BLOCKS = YES;
				GCC_OPTIMIZATION_LEVEL = 0;
				GCC_PREPROCESSOR_DEFINITIONS = (
					"DEBUG=1",
					"$(inherited)",
				);
				GCC_WARN_64_TO_32_BIT_CONVERSION = YES;
				GCC_WARN_ABOUT_RETURN_TYPE = YES_ERROR;
				GCC_WARN_UNDECLARED_SELECTOR = YES;
				GCC_WARN_UNINITIALIZED_AUTOS = YES_AGGRESSIVE;
				GCC_WARN_UNUSED_FUNCTION = YES;
				GCC_WARN_UNUSED_VARIABLE = YES;
				IPHONEOS_DEPLOYMENT_TARGET = 10.3;
				MTL_ENABLE_DEBUG_INFO = YES;
				ONLY_ACTIVE_ARCH = YES;
				SDKROOT = iphoneos;
				TARGETED_DEVICE_FAMILY = "1,2";
			};
			name = Debug;
		};
		0DFFE84F1EB61CF7009A5446 /* Release */ = {
			isa = XCBuildConfiguration;
			buildSettings = {
				ALWAYS_SEARCH_USER_PATHS = NO;
				CLANG_ANALYZER_NONNULL = YES;
				CLANG_ANALYZER_NUMBER_OBJECT_CONVERSION = YES_AGGRESSIVE;
				CLANG_CXX_LANGUAGE_STANDARD = "gnu++0x";
				CLANG_CXX_LIBRARY = "libc++";
				CLANG_ENABLE_MODULES = YES;
				CLANG_ENABLE_OBJC_ARC = YES;
				CLANG_WARN_BOOL_CONVERSION = YES;
				CLANG_WARN_CONSTANT_CONVERSION = YES;
				CLANG_WARN_DIRECT_OBJC_ISA_USAGE = YES_ERROR;
				CLANG_WARN_DOCUMENTATION_COMMENTS = YES;
				CLANG_WARN_EMPTY_BODY = YES;
				CLANG_WARN_ENUM_CONVERSION = YES;
				CLANG_WARN_INFINITE_RECURSION = YES;
				CLANG_WARN_INT_CONVERSION = YES;
				CLANG_WARN_OBJC_ROOT_CLASS = YES_ERROR;
				CLANG_WARN_SUSPICIOUS_MOVE = YES;
				CLANG_WARN_UNREACHABLE_CODE = YES;
				CLANG_WARN__DUPLICATE_METHOD_MATCH = YES;
				"CODE_SIGN_IDENTITY[sdk=iphoneos*]" = "iPhone Developer";
				COPY_PHASE_STRIP = NO;
				DEBUG_INFORMATION_FORMAT = "dwarf-with-dsym";
				ENABLE_NS_ASSERTIONS = NO;
				ENABLE_STRICT_OBJC_MSGSEND = YES;
				GCC_C_LANGUAGE_STANDARD = gnu99;
				GCC_NO_COMMON_BLOCKS = YES;
				GCC_WARN_64_TO_32_BIT_CONVERSION = YES;
				GCC_WARN_ABOUT_RETURN_TYPE = YES_ERROR;
				GCC_WARN_UNDECLARED_SELECTOR = YES;
				GCC_WARN_UNINITIALIZED_AUTOS = YES_AGGRESSIVE;
				GCC_WARN_UNUSED_FUNCTION = YES;
				GCC_WARN_UNUSED_VARIABLE = YES;
				IPHONEOS_DEPLOYMENT_TARGET = 10.3;
				MTL_ENABLE_DEBUG_INFO = NO;
				SDKROOT = iphoneos;
				TARGETED_DEVICE_FAMILY = "1,2";
				VALIDATE_PRODUCT = YES;
			};
			name = Release;
		};
		0DFFE8511EB61CF7009A5446 /* Debug */ = {
			isa = XCBuildConfiguration;
			buildSettings = {
				ASSETCATALOG_COMPILER_APPICON_NAME = AppIcon;
				DEVELOPMENT_TEAM = V6TK3T5LMM;
				INFOPLIST_FILE = JHPhotoDemo/Info.plist;
				LD_RUNPATH_SEARCH_PATHS = "$(inherited) @executable_path/Frameworks";
				PRODUCT_BUNDLE_IDENTIFIER = com.chanjh.JHPhotoDemo;
				PRODUCT_NAME = "$(TARGET_NAME)";
			};
			name = Debug;
		};
		0DFFE8521EB61CF7009A5446 /* Release */ = {
			isa = XCBuildConfiguration;
			buildSettings = {
				ASSETCATALOG_COMPILER_APPICON_NAME = AppIcon;
				DEVELOPMENT_TEAM = V6TK3T5LMM;
				INFOPLIST_FILE = JHPhotoDemo/Info.plist;
				LD_RUNPATH_SEARCH_PATHS = "$(inherited) @executable_path/Frameworks";
				PRODUCT_BUNDLE_IDENTIFIER = com.chanjh.JHPhotoDemo;
				PRODUCT_NAME = "$(TARGET_NAME)";
			};
			name = Release;
		};
		0DFFE8541EB61CF7009A5446 /* Debug */ = {
			isa = XCBuildConfiguration;
			buildSettings = {
				BUNDLE_LOADER = "$(TEST_HOST)";
				DEVELOPMENT_TEAM = V6TK3T5LMM;
				INFOPLIST_FILE = JHPhotoDemoTests/Info.plist;
				LD_RUNPATH_SEARCH_PATHS = "$(inherited) @executable_path/Frameworks @loader_path/Frameworks";
				PRODUCT_BUNDLE_IDENTIFIER = com.chanjh.JHPhotoDemoTests;
				PRODUCT_NAME = "$(TARGET_NAME)";
				TEST_HOST = "$(BUILT_PRODUCTS_DIR)/JHPhotoDemo.app/JHPhotoDemo";
			};
			name = Debug;
		};
		0DFFE8551EB61CF7009A5446 /* Release */ = {
			isa = XCBuildConfiguration;
			buildSettings = {
				BUNDLE_LOADER = "$(TEST_HOST)";
				DEVELOPMENT_TEAM = V6TK3T5LMM;
				INFOPLIST_FILE = JHPhotoDemoTests/Info.plist;
				LD_RUNPATH_SEARCH_PATHS = "$(inherited) @executable_path/Frameworks @loader_path/Frameworks";
				PRODUCT_BUNDLE_IDENTIFIER = com.chanjh.JHPhotoDemoTests;
				PRODUCT_NAME = "$(TARGET_NAME)";
				TEST_HOST = "$(BUILT_PRODUCTS_DIR)/JHPhotoDemo.app/JHPhotoDemo";
			};
			name = Release;
		};
		0DFFE8571EB61CF7009A5446 /* Debug */ = {
			isa = XCBuildConfiguration;
			buildSettings = {
				DEVELOPMENT_TEAM = V6TK3T5LMM;
				INFOPLIST_FILE = JHPhotoDemoUITests/Info.plist;
				LD_RUNPATH_SEARCH_PATHS = "$(inherited) @executable_path/Frameworks @loader_path/Frameworks";
				PRODUCT_BUNDLE_IDENTIFIER = com.chanjh.JHPhotoDemoUITests;
				PRODUCT_NAME = "$(TARGET_NAME)";
				TEST_TARGET_NAME = JHPhotoDemo;
			};
			name = Debug;
		};
		0DFFE8581EB61CF7009A5446 /* Release */ = {
			isa = XCBuildConfiguration;
			buildSettings = {
				DEVELOPMENT_TEAM = V6TK3T5LMM;
				INFOPLIST_FILE = JHPhotoDemoUITests/Info.plist;
				LD_RUNPATH_SEARCH_PATHS = "$(inherited) @executable_path/Frameworks @loader_path/Frameworks";
				PRODUCT_BUNDLE_IDENTIFIER = com.chanjh.JHPhotoDemoUITests;
				PRODUCT_NAME = "$(TARGET_NAME)";
				TEST_TARGET_NAME = JHPhotoDemo;
			};
			name = Release;
		};
/* End XCBuildConfiguration section */

/* Begin XCConfigurationList section */
		0DFFE81B1EB61CF7009A5446 /* Build configuration list for PBXProject "JHPhotoDemo" */ = {
			isa = XCConfigurationList;
			buildConfigurations = (
				0DFFE84E1EB61CF7009A5446 /* Debug */,
				0DFFE84F1EB61CF7009A5446 /* Release */,
			);
			defaultConfigurationIsVisible = 0;
			defaultConfigurationName = Release;
		};
		0DFFE8501EB61CF7009A5446 /* Build configuration list for PBXNativeTarget "JHPhotoDemo" */ = {
			isa = XCConfigurationList;
			buildConfigurations = (
				0DFFE8511EB61CF7009A5446 /* Debug */,
				0DFFE8521EB61CF7009A5446 /* Release */,
			);
			defaultConfigurationIsVisible = 0;
		};
		0DFFE8531EB61CF7009A5446 /* Build configuration list for PBXNativeTarget "JHPhotoDemoTests" */ = {
			isa = XCConfigurationList;
			buildConfigurations = (
				0DFFE8541EB61CF7009A5446 /* Debug */,
				0DFFE8551EB61CF7009A5446 /* Release */,
			);
			defaultConfigurationIsVisible = 0;
		};
		0DFFE8561EB61CF7009A5446 /* Build configuration list for PBXNativeTarget "JHPhotoDemoUITests" */ = {
			isa = XCConfigurationList;
			buildConfigurations = (
				0DFFE8571EB61CF7009A5446 /* Debug */,
				0DFFE8581EB61CF7009A5446 /* Release */,
			);
			defaultConfigurationIsVisible = 0;
		};
/* End XCConfigurationList section */

/* Begin XCVersionGroup section */
		0DFFE82F1EB61CF7009A5446 /* JHPhotoDemo.xcdatamodeld */ = {
			isa = XCVersionGroup;
			children = (
				0DFFE8301EB61CF7009A5446 /* JHPhotoDemo.xcdatamodel */,
			);
			currentVersion = 0DFFE8301EB61CF7009A5446 /* JHPhotoDemo.xcdatamodel */;
			path = JHPhotoDemo.xcdatamodeld;
			sourceTree = "<group>";
			versionGroupType = wrapper.xcdatamodel;
		};
/* End XCVersionGroup section */
	};
	rootObject = 0DFFE8181EB61CF7009A5446 /* Project object */;
}
